
Microsoft Visual Studio Solution File, Format Version 12.00
Project("{FAE04EC0-301F-11D3-BF4B-00C04F79EFBC}") = "CSharpLeet", "CSharpLeet.csproj", "{F14B74C5-7652-43BC-AEF3-B39CFFE82B4A}"
EndProject
Global
	GlobalSection(SolutionConfigurationPlatforms) = preSolution
		Debug|Any CPU = Debug|Any CPU
		Release|Any CPU = Release|Any CPU
	EndGlobalSection
	GlobalSection(ProjectConfigurationPlatforms) = postSolution
		{F14B74C5-7652-43BC-AEF3-B39CFFE82B4A}.Debug|Any CPU.ActiveCfg = Debug|Any CPU
		{F14B74C5-7652-43BC-AEF3-B39CFFE82B4A}.Debug|Any CPU.Build.0 = Debug|Any CPU
		{F14B74C5-7652-43BC-AEF3-B39CFFE82B4A}.Release|Any CPU.ActiveCfg = Release|Any CPU
		{F14B74C5-7652-43BC-AEF3-B39CFFE82B4A}.Release|Any CPU.Build.0 = Release|Any CPU
	EndGlobalSection
EndGlobal
